
Microsoft Visual Studio Solution File, Format Version 12.00
# Visual Studio Version 17
VisualStudioVersion = 17.1.32319.34
MinimumVisualStudioVersion = 10.0.40219.1
Project("{9A19103F-16F7-4668-BE54-9A1E7A4F7556}") = "MockWebApi", "MockWebApi\MockWebApi.csproj", "{75EF8F9A-7225-400C-9C9B-4EDBD62A9E30}"
EndProject
Project("{FAE04EC0-301F-11D3-BF4B-00C04F79EFBC}") = "MockWebApi.Tests", "MockWebApi.Tests\MockWebApi.Tests.csproj", "{5D429C62-2888-462E-AA71-86A8BC7BE1B2}"
EndProject
Global
	GlobalSection(SolutionConfigurationPlatforms) = preSolution
		Debug|Any CPU = Debug|Any CPU
		Release|Any CPU = Release|Any CPU
	EndGlobalSection
	GlobalSection(ProjectConfigurationPlatforms) = postSolution
		{75EF8F9A-7225-400C-9C9B-4EDBD62A9E30}.Debug|Any CPU.ActiveCfg = Debug|Any CPU
		{75EF8F9A-7225-400C-9C9B-4EDBD62A9E30}.Debug|Any CPU.Build.0 = Debug|Any CPU
		{75EF8F9A-7225-400C-9C9B-4EDBD62A9E30}.Release|Any CPU.ActiveCfg = Release|Any CPU
		{75EF8F9A-7225-400C-9C9B-4EDBD62A9E30}.Release|Any CPU.Build.0 = Release|Any CPU
		{5D429C62-2888-462E-AA71-86A8BC7BE1B2}.Debug|Any CPU.ActiveCfg = Debug|Any CPU
		{5D429C62-2888-462E-AA71-86A8BC7BE1B2}.Debug|Any CPU.Build.0 = Debug|Any CPU
		{5D429C62-2888-462E-AA71-86A8BC7BE1B2}.Release|Any CPU.ActiveCfg = Release|Any CPU
		{5D429C62-2888-462E-AA71-86A8BC7BE1B2}.Release|Any CPU.Build.0 = Release|Any CPU
	EndGlobalSection
	GlobalSection(SolutionProperties) = preSolution
		HideSolutionNode = FALSE
	EndGlobalSection
	GlobalSection(ExtensibilityGlobals) = postSolution
		SolutionGuid = {5283A91A-B00F-4379-8920-F00C2B828B42}
	EndGlobalSection
EndGlobal
